version = 1
revision = 2
requires-python = ">=3.13"

[manifest]
members = [
    "aaaaa",
    "automqtt",
]

[[package]]
name = "aaaaa"
version = "0.1.0"
source = { virtual = "." }
dependencies = [
    { name = "paho-mqtt" },
    { name = "pathlib-abc" },
]

[package.metadata]
requires-dist = [
    { name = "paho-mqtt", specifier = ">=2.1.0" },
    { name = "pathlib-abc", specifier = ">=0.4.3" },
]

[[package]]
name = "automqtt"
version = "0.1.0"
source = { editable = "automqtt" }

[[package]]
name = "paho-mqtt"
version = "2.1.0"
source = { registry = "https://pypi.org/simple" }
sdist = { url = "https://files.pythonhosted.org/packages/39/15/0a6214e76d4d32e7f663b109cf71fb22561c2be0f701d67f93950cd40542/paho_mqtt-2.1.0.tar.gz", hash = "sha256:12d6e7511d4137555a3f6ea167ae846af2c7357b10bc6fa4f7c3968fc1723834", size = 148848, upload-time = "2024-04-29T19:52:55.591Z" }
wheels = [
    { url = "https://files.pythonhosted.org/packages/c4/cb/00451c3cf31790287768bb12c6bec834f5d292eaf3022afc88e14b8afc94/paho_mqtt-2.1.0-py3-none-any.whl", hash = "sha256:6db9ba9b34ed5bc6b6e3812718c7e06e2fd7444540df2455d2c51bd58808feee", size = 67219, upload-time = "2024-04-29T19:52:48.345Z" },
]

[[package]]
name = "pathlib-abc"
version = "0.4.3"
source = { registry = "https://pypi.org/simple" }
sdist = { url = "https://files.pythonhosted.org/packages/fd/b3/c16e73ac50ebea74eb41dd2b52882c3f1a1c35eec43aac370e0188a5da76/pathlib_abc-0.4.3.tar.gz", hash = "sha256:cc9b3a375d29b32d0a57145ad9ce5f340ab249729ff7ed130bc7e2dbd45cad0b", size = 33820, upload-time = "2025-04-28T20:17:46.275Z" }
wheels = [
    { url = "https://files.pythonhosted.org/packages/31/df/050b3c08b36d4af92d8c57e3f4dcff987e719aff3ce8e3c281a6d5a6a68a/pathlib_abc-0.4.3-py3-none-any.whl", hash = "sha256:0c1ebfbc8e777e08128cd201c69cd34170bb6bc36067f77688bc1f2c845e0527", size = 20293, upload-time = "2025-04-28T20:17:44.354Z" },
]
